
Microsoft Visual Studio Solution File, Format Version 12.00
# Visual Studio 15
VisualStudioVersion = 15.0.27004.2009
MinimumVisualStudioVersion = 10.0.40219.1
Project("{9A19103F-16F7-4668-BE54-9A1E7A4F7556}") = "SiteMonitor", "SiteMonitor\SiteMonitor.csproj", "{A081D477-9696-498B-B98D-5EFF8CCC961F}"
EndProject
Project("{FAE04EC0-301F-11D3-BF4B-00C04F79EFBC}") = "SiteMonitor.Tests", "SiteMonitor.Tests\SiteMonitor.Tests.csproj", "{2C58C17E-A375-4C55-BD55-BC0A6400C1C4}"
EndProject
Global
	GlobalSection(SolutionConfigurationPlatforms) = preSolution
		Debug|Any CPU = Debug|Any CPU
		Release|Any CPU = Release|Any CPU
	EndGlobalSection
	GlobalSection(ProjectConfigurationPlatforms) = postSolution
		{A081D477-9696-498B-B98D-5EFF8CCC961F}.Debug|Any CPU.ActiveCfg = Debug|Any CPU
		{A081D477-9696-498B-B98D-5EFF8CCC961F}.Debug|Any CPU.Build.0 = Debug|Any CPU
		{A081D477-9696-498B-B98D-5EFF8CCC961F}.Release|Any CPU.ActiveCfg = Release|Any CPU
		{A081D477-9696-498B-B98D-5EFF8CCC961F}.Release|Any CPU.Build.0 = Release|Any CPU
		{2C58C17E-A375-4C55-BD55-BC0A6400C1C4}.Debug|Any CPU.ActiveCfg = Debug|Any CPU
		{2C58C17E-A375-4C55-BD55-BC0A6400C1C4}.Debug|Any CPU.Build.0 = Debug|Any CPU
		{2C58C17E-A375-4C55-BD55-BC0A6400C1C4}.Release|Any CPU.ActiveCfg = Release|Any CPU
		{2C58C17E-A375-4C55-BD55-BC0A6400C1C4}.Release|Any CPU.Build.0 = Release|Any CPU
	EndGlobalSection
	GlobalSection(SolutionProperties) = preSolution
		HideSolutionNode = FALSE
	EndGlobalSection
	GlobalSection(ExtensibilityGlobals) = postSolution
		SolutionGuid = {58A83974-D1AA-4286-A985-562A74A5DE32}
	EndGlobalSection
	GlobalSection(TeamFoundationVersionControl) = preSolution
		SccNumberOfProjects = 3
		SccEnterpriseProvider = {4CA58AB2-18FA-4F8D-95D4-32DDF27D184C}
		SccTeamFoundationServer = https://allex32.visualstudio.com/
		SccLocalPath0 = .
		SccProjectUniqueName1 = SiteMonitor\\SiteMonitor.csproj
		SccProjectName1 = SiteMonitor
		SccLocalPath1 = SiteMonitor
		SccProjectUniqueName2 = SiteMonitor.Tests\\SiteMonitor.Tests.csproj
		SccProjectName2 = SiteMonitor.Tests
		SccLocalPath2 = SiteMonitor.Tests
	EndGlobalSection
EndGlobal
